
Microsoft Visual Studio Solution File, Format Version 12.00
# Visual Studio Version 17
VisualStudioVersion = 17.9.34622.214
MinimumVisualStudioVersion = 10.0.40219.1
Project("{FAE04EC0-301F-11D3-BF4B-00C04F79EFBC}") = "FileUploader", "FileUploader\FileUploader.csproj", "{0C389A0F-D67F-45A5-AC04-15DB3BA28468}"
EndProject
Global
	GlobalSection(SolutionConfigurationPlatforms) = preSolution
		Debug|Any CPU = Debug|Any CPU
		Release|Any CPU = Release|Any CPU
	EndGlobalSection
	GlobalSection(ProjectConfigurationPlatforms) = postSolution
		{0C389A0F-D67F-45A5-AC04-15DB3BA28468}.Debug|Any CPU.ActiveCfg = Debug|Any CPU
		{0C389A0F-D67F-45A5-AC04-15DB3BA28468}.Debug|Any CPU.Build.0 = Debug|Any CPU
		{0C389A0F-D67F-45A5-AC04-15DB3BA28468}.Release|Any CPU.ActiveCfg = Release|Any CPU
		{0C389A0F-D67F-45A5-AC04-15DB3BA28468}.Release|Any CPU.Build.0 = Release|Any CPU
	EndGlobalSection
	GlobalSection(SolutionProperties) = preSolution
		HideSolutionNode = FALSE
	EndGlobalSection
	GlobalSection(ExtensibilityGlobals) = postSolution
		SolutionGuid = {6D222687-5BF4-4C23-A3E1-F37DB8B8EF35}
	EndGlobalSection
EndGlobal
